
Microsoft Visual Studio Solution File, Format Version 12.00
# Visual Studio Version 17
VisualStudioVersion = 17.7.34009.444
MinimumVisualStudioVersion = 10.0.40219.1
Project("{2150E333-8FDC-42A3-9474-1A3956D46DE8}") = "CreatingMethods", "CreatingMethods", "{40D682B5-554D-4692-B756-B55257747B95}"
EndProject
Project("{9A19103F-16F7-4668-BE54-9A1E7A4F7556}") = "CreatingMethods", "CreatingMethods\CreatingMethods\CreatingMethods.csproj", "{95653592-19D1-4A2E-94FD-EE14EBD089A7}"
EndProject
Project("{9A19103F-16F7-4668-BE54-9A1E7A4F7556}") = "CreatingMethods.Tests", "CreatingMethods\CreatingMethods.Tests\CreatingMethods.Tests.csproj", "{7B031F34-AEFE-43D9-96F4-A96EBE499ED9}"
EndProject
Project("{2150E333-8FDC-42A3-9474-1A3956D46DE8}") = "NumericConversions", "NumericConversions", "{8ECE27D2-87D5-4BC1-AE8C-F902534E0104}"
EndProject
Project("{9A19103F-16F7-4668-BE54-9A1E7A4F7556}") = "NumericConversions", "NumericConversions\NumericConversions\NumericConversions.csproj", "{20AE7E3F-62B2-479A-92F7-2F4B7EA6EC9C}"
EndProject
Project("{9A19103F-16F7-4668-BE54-9A1E7A4F7556}") = "NumericConversions.Tests", "NumericConversions\NumericConversions.Tests\NumericConversions.Tests.csproj", "{D36A405E-DD49-4A47-B1B0-A5D209A7FB18}"
EndProject
Project("{2150E333-8FDC-42A3-9474-1A3956D46DE8}") = "SelectionStatments", "SelectionStatments", "{1FCA4B1F-8B0C-44C6-8E37-822A3819C733}"
EndProject
Project("{9A19103F-16F7-4668-BE54-9A1E7A4F7556}") = "SelectionStatments", "SelectionStatments\SelectionStatments\SelectionStatments.csproj", "{9AD682B1-AE70-40E7-BD2B-C65B7FF15E38}"
EndProject
Project("{9A19103F-16F7-4668-BE54-9A1E7A4F7556}") = "SelectionStatements.Tests", "SelectionStatments\SelectionStatments.Tests\SelectionStatements.Tests.csproj", "{F3D804BD-472B-4867-87A3-956451F797CC}"
EndProject
Project("{2150E333-8FDC-42A3-9474-1A3956D46DE8}") = "DartsGame", "DartsGame", "{BE7CF02E-6851-4BB3-8453-7840286C2BEE}"
EndProject
Project("{9A19103F-16F7-4668-BE54-9A1E7A4F7556}") = "DartsGame", "DartsGame\DartsGame\DartsGame.csproj", "{8518A6B9-1E77-41C1-96EE-16DCBDA0A3A1}"
EndProject
Project("{9A19103F-16F7-4668-BE54-9A1E7A4F7556}") = "DartsGame.Tests", "DartsGame\DartsGame.Tests\DartsGame.Tests.csproj", "{1018F238-A25F-4C0B-ABC5-BEFAB6FA4EAC}"
EndProject
Project("{2150E333-8FDC-42A3-9474-1A3956D46DE8}") = "ExceptionHandling", "ExceptionHandling", "{DA609608-DBBA-4DC2-971B-11B8CEA5263F}"
EndProject
Project("{9A19103F-16F7-4668-BE54-9A1E7A4F7556}") = "ExceptionHandling", "ExceptionHandling\ExceptionHandling\ExceptionHandling.csproj", "{555A0774-619C-4E48-AB6F-D204D2686AD0}"
EndProject
Project("{9A19103F-16F7-4668-BE54-9A1E7A4F7556}") = "ExceptionHandling.Tests", "ExceptionHandling\ExceptionHandling.Tests\ExceptionHandling.Tests.csproj", "{80E4B743-A8F0-4EDC-8ED1-061442F64F9C}"
EndProject
Project("{2150E333-8FDC-42A3-9474-1A3956D46DE8}") = "ExceptionThrowing", "ExceptionThrowing", "{BE6E1E12-A663-4C8D-9FD2-C67DDB929414}"
EndProject
Project("{9A19103F-16F7-4668-BE54-9A1E7A4F7556}") = "ExceptionGuardClauses", "ExceptionThrowing\ExceptionGuardClauses\ExceptionGuardClauses.csproj", "{8E814BAD-3F21-4986-84FE-47C5F5E78A98}"
EndProject
Project("{9A19103F-16F7-4668-BE54-9A1E7A4F7556}") = "ExceptionGuardClauses.Tests", "ExceptionThrowing\ExceptionGuardClauses.Tests\ExceptionGuardClauses.Tests.csproj", "{FF703CD4-19B0-4B40-9E5C-3281D122C0B7}"
EndProject
Global
	GlobalSection(SolutionConfigurationPlatforms) = preSolution
		Debug|Any CPU = Debug|Any CPU
		Release|Any CPU = Release|Any CPU
	EndGlobalSection
	GlobalSection(ProjectConfigurationPlatforms) = postSolution
		{95653592-19D1-4A2E-94FD-EE14EBD089A7}.Debug|Any CPU.ActiveCfg = Debug|Any CPU
		{95653592-19D1-4A2E-94FD-EE14EBD089A7}.Debug|Any CPU.Build.0 = Debug|Any CPU
		{95653592-19D1-4A2E-94FD-EE14EBD089A7}.Release|Any CPU.ActiveCfg = Release|Any CPU
		{95653592-19D1-4A2E-94FD-EE14EBD089A7}.Release|Any CPU.Build.0 = Release|Any CPU
		{7B031F34-AEFE-43D9-96F4-A96EBE499ED9}.Debug|Any CPU.ActiveCfg = Debug|Any CPU
		{7B031F34-AEFE-43D9-96F4-A96EBE499ED9}.Debug|Any CPU.Build.0 = Debug|Any CPU
		{7B031F34-AEFE-43D9-96F4-A96EBE499ED9}.Release|Any CPU.ActiveCfg = Release|Any CPU
		{7B031F34-AEFE-43D9-96F4-A96EBE499ED9}.Release|Any CPU.Build.0 = Release|Any CPU
		{20AE7E3F-62B2-479A-92F7-2F4B7EA6EC9C}.Debug|Any CPU.ActiveCfg = Debug|Any CPU
		{20AE7E3F-62B2-479A-92F7-2F4B7EA6EC9C}.Debug|Any CPU.Build.0 = Debug|Any CPU
		{20AE7E3F-62B2-479A-92F7-2F4B7EA6EC9C}.Release|Any CPU.ActiveCfg = Release|Any CPU
		{20AE7E3F-62B2-479A-92F7-2F4B7EA6EC9C}.Release|Any CPU.Build.0 = Release|Any CPU
		{D36A405E-DD49-4A47-B1B0-A5D209A7FB18}.Debug|Any CPU.ActiveCfg = Debug|Any CPU
		{D36A405E-DD49-4A47-B1B0-A5D209A7FB18}.Debug|Any CPU.Build.0 = Debug|Any CPU
		{D36A405E-DD49-4A47-B1B0-A5D209A7FB18}.Release|Any CPU.ActiveCfg = Release|Any CPU
		{D36A405E-DD49-4A47-B1B0-A5D209A7FB18}.Release|Any CPU.Build.0 = Release|Any CPU
		{9AD682B1-AE70-40E7-BD2B-C65B7FF15E38}.Debug|Any CPU.ActiveCfg = Debug|Any CPU
		{9AD682B1-AE70-40E7-BD2B-C65B7FF15E38}.Debug|Any CPU.Build.0 = Debug|Any CPU
		{9AD682B1-AE70-40E7-BD2B-C65B7FF15E38}.Release|Any CPU.ActiveCfg = Release|Any CPU
		{9AD682B1-AE70-40E7-BD2B-C65B7FF15E38}.Release|Any CPU.Build.0 = Release|Any CPU
		{F3D804BD-472B-4867-87A3-956451F797CC}.Debug|Any CPU.ActiveCfg = Debug|Any CPU
		{F3D804BD-472B-4867-87A3-956451F797CC}.Debug|Any CPU.Build.0 = Debug|Any CPU
		{F3D804BD-472B-4867-87A3-956451F797CC}.Release|Any CPU.ActiveCfg = Release|Any CPU
		{F3D804BD-472B-4867-87A3-956451F797CC}.Release|Any CPU.Build.0 = Release|Any CPU
		{8518A6B9-1E77-41C1-96EE-16DCBDA0A3A1}.Debug|Any CPU.ActiveCfg = Debug|Any CPU
		{8518A6B9-1E77-41C1-96EE-16DCBDA0A3A1}.Debug|Any CPU.Build.0 = Debug|Any CPU
		{8518A6B9-1E77-41C1-96EE-16DCBDA0A3A1}.Release|Any CPU.ActiveCfg = Release|Any CPU
		{8518A6B9-1E77-41C1-96EE-16DCBDA0A3A1}.Release|Any CPU.Build.0 = Release|Any CPU
		{1018F238-A25F-4C0B-ABC5-BEFAB6FA4EAC}.Debug|Any CPU.ActiveCfg = Debug|Any CPU
		{1018F238-A25F-4C0B-ABC5-BEFAB6FA4EAC}.Debug|Any CPU.Build.0 = Debug|Any CPU
		{1018F238-A25F-4C0B-ABC5-BEFAB6FA4EAC}.Release|Any CPU.ActiveCfg = Release|Any CPU
		{1018F238-A25F-4C0B-ABC5-BEFAB6FA4EAC}.Release|Any CPU.Build.0 = Release|Any CPU
		{555A0774-619C-4E48-AB6F-D204D2686AD0}.Debug|Any CPU.ActiveCfg = Debug|Any CPU
		{555A0774-619C-4E48-AB6F-D204D2686AD0}.Debug|Any CPU.Build.0 = Debug|Any CPU
		{555A0774-619C-4E48-AB6F-D204D2686AD0}.Release|Any CPU.ActiveCfg = Release|Any CPU
		{555A0774-619C-4E48-AB6F-D204D2686AD0}.Release|Any CPU.Build.0 = Release|Any CPU
		{80E4B743-A8F0-4EDC-8ED1-061442F64F9C}.Debug|Any CPU.ActiveCfg = Debug|Any CPU
		{80E4B743-A8F0-4EDC-8ED1-061442F64F9C}.Debug|Any CPU.Build.0 = Debug|Any CPU
		{80E4B743-A8F0-4EDC-8ED1-061442F64F9C}.Release|Any CPU.ActiveCfg = Release|Any CPU
		{80E4B743-A8F0-4EDC-8ED1-061442F64F9C}.Release|Any CPU.Build.0 = Release|Any CPU
		{8E814BAD-3F21-4986-84FE-47C5F5E78A98}.Debug|Any CPU.ActiveCfg = Debug|Any CPU
		{8E814BAD-3F21-4986-84FE-47C5F5E78A98}.Debug|Any CPU.Build.0 = Debug|Any CPU
		{8E814BAD-3F21-4986-84FE-47C5F5E78A98}.Release|Any CPU.ActiveCfg = Release|Any CPU
		{8E814BAD-3F21-4986-84FE-47C5F5E78A98}.Release|Any CPU.Build.0 = Release|Any CPU
		{FF703CD4-19B0-4B40-9E5C-3281D122C0B7}.Debug|Any CPU.ActiveCfg = Debug|Any CPU
		{FF703CD4-19B0-4B40-9E5C-3281D122C0B7}.Debug|Any CPU.Build.0 = Debug|Any CPU
		{FF703CD4-19B0-4B40-9E5C-3281D122C0B7}.Release|Any CPU.ActiveCfg = Release|Any CPU
		{FF703CD4-19B0-4B40-9E5C-3281D122C0B7}.Release|Any CPU.Build.0 = Release|Any CPU
	EndGlobalSection
	GlobalSection(SolutionProperties) = preSolution
		HideSolutionNode = FALSE
	EndGlobalSection
	GlobalSection(NestedProjects) = preSolution
		{95653592-19D1-4A2E-94FD-EE14EBD089A7} = {40D682B5-554D-4692-B756-B55257747B95}
		{7B031F34-AEFE-43D9-96F4-A96EBE499ED9} = {40D682B5-554D-4692-B756-B55257747B95}
		{20AE7E3F-62B2-479A-92F7-2F4B7EA6EC9C} = {8ECE27D2-87D5-4BC1-AE8C-F902534E0104}
		{D36A405E-DD49-4A47-B1B0-A5D209A7FB18} = {8ECE27D2-87D5-4BC1-AE8C-F902534E0104}
		{9AD682B1-AE70-40E7-BD2B-C65B7FF15E38} = {1FCA4B1F-8B0C-44C6-8E37-822A3819C733}
		{F3D804BD-472B-4867-87A3-956451F797CC} = {1FCA4B1F-8B0C-44C6-8E37-822A3819C733}
		{8518A6B9-1E77-41C1-96EE-16DCBDA0A3A1} = {BE7CF02E-6851-4BB3-8453-7840286C2BEE}
		{1018F238-A25F-4C0B-ABC5-BEFAB6FA4EAC} = {BE7CF02E-6851-4BB3-8453-7840286C2BEE}
		{555A0774-619C-4E48-AB6F-D204D2686AD0} = {DA609608-DBBA-4DC2-971B-11B8CEA5263F}
		{80E4B743-A8F0-4EDC-8ED1-061442F64F9C} = {DA609608-DBBA-4DC2-971B-11B8CEA5263F}
		{8E814BAD-3F21-4986-84FE-47C5F5E78A98} = {BE6E1E12-A663-4C8D-9FD2-C67DDB929414}
		{FF703CD4-19B0-4B40-9E5C-3281D122C0B7} = {BE6E1E12-A663-4C8D-9FD2-C67DDB929414}
	EndGlobalSection
	GlobalSection(ExtensibilityGlobals) = postSolution
		SolutionGuid = {9472956A-6767-467D-A091-12B59D1068C3}
	EndGlobalSection
EndGlobal
